{
  "name": "powerbi_client",
  "requires": true,
  "lockfileVersion": 1,
  "dependencies": {
    "es6-promise": {
      "version": "3.3.1",
      "resolved": "https://registry.npmjs.org/es6-promise/-/es6-promise-3.3.1.tgz",
      "integrity": "sha1-oIzd6EzNvzTQJ6FFG8kdS80ophM="
    },
    "http-post-message": {
      "version": "0.2.3",
      "resolved": "https://registry.npmjs.org/http-post-message/-/http-post-message-0.2.3.tgz",
      "integrity": "sha1-MsVgrGFfMQp+RZ/8cSd7V5skLh4=",
      "requires": {
        "es6-promise": "^3.2.1"
      }
    },
    "powerbi-client": {
      "version": "2.14.0",
      "resolved": "https://registry.npmjs.org/powerbi-client/-/powerbi-client-2.14.0.tgz",
      "integrity": "sha512-HYvVe7n6KPNiaGmFMeBCJvtl9Dzrav1z4hDeiREJbycCRqTGgCCMeqylReJAt8WYfAffWGWCNqnPOFoGkYSK6g==",
      "requires": {
        "http-post-message": "^0.2",
        "powerbi-models": "^1.4",
        "powerbi-router": "^0.1",
        "window-post-message-proxy": "^0.2"
      }
    },
    "powerbi-models": {
      "version": "1.4.0",
      "resolved": "https://registry.npmjs.org/powerbi-models/-/powerbi-models-1.4.0.tgz",
      "integrity": "sha512-SNdY3SSjOU1DHs3mgyvi2jv1UvTIXoxrbdZBEjsePQ7bo6Rp425Q6qKCE7kHgJz5fjOZ6tPU5+zT+J4J7xYFQQ=="
    },
    "powerbi-router": {
      "version": "0.1.5",
      "resolved": "https://registry.npmjs.org/powerbi-router/-/powerbi-router-0.1.5.tgz",
      "integrity": "sha1-3S0tBHT4y3ZpCoX2pR2Mqf6pOjI=",
      "requires": {
        "es6-promise": "^3.2.1",
        "route-recognizer": "^0.1.11"
      }
    },
    "route-recognizer": {
      "version": "0.1.11",
      "resolved": "https://registry.npmjs.org/route-recognizer/-/route-recognizer-0.1.11.tgz",
      "integrity": "sha1-gQ2OVwKrtAVtbcuOhlxWhefBTrc="
    },
    "window-post-message-proxy": {
      "version": "0.2.6",
      "resolved": "https://registry.npmjs.org/window-post-message-proxy/-/window-post-message-proxy-0.2.6.tgz",
      "integrity": "sha512-IwNWtUWVFarBa2F9vhmfv2yr0PfPm57QuOBCw3qSLaunhD3THcHUKQ4HrJQiCuYUT7LEjhUtaoA+hrV+wQzNmQ==",
      "requires": {
        "es6-promise": "^3.1.2"
      }
    }
  }
}
